<?xml version="1.0" encoding="UTF-8" standalone="yes" ?>
<CodeBlocks_project_file>
	<FileVersion major="1" minor="6" />
	<Project>
		<Option title="iMvaders" />
		<Option pch_mode="2" />
		<Option compiler="gcc" />
		<Build>
			<Target title="Debug">
				<Option output=".bin/Debug/iMvaders" prefix_auto="1" extension_auto="1" />
				<Option object_output=".obj/Debug/" />
				<Option type="1" />
				<Option compiler="gcc" />
				<Compiler>
					<Add option="-g" />
					<Add directory="../../SFML-2.1/include" />
				</Compiler>
				<Linker>
					<Add library="sfml-window-d" />
					<Add library="sfml-audio-d" />
					<Add library="sfml-graphics-d" />
					<Add library="sfml-main-d" />
					<Add library="sfml-system-d" />
					<Add library="opengl32" />
					<Add directory="../../SFML-2.1/lib" />
				</Linker>
			</Target>
			<Target title="Release">
				<Option output=".bin/Release/iMvaders" prefix_auto="1" extension_auto="1" />
				<Option object_output=".obj/Release/" />
				<Option type="0" />
				<Option compiler="gcc" />
				<Compiler>
					<Add option="-O2" />
				</Compiler>
				<Linker>
					<Add option="-s" />
					<Add library="sfml-audio" />
					<Add library="sfml-graphics" />
					<Add library="sfml-main" />
					<Add library="sfml-system" />
					<Add library="sfml-window" />
				</Linker>
			</Target>
		</Build>
		<Compiler>
			<Add option="-Wall" />
			<Add directory="../SFML-2.1/include" />
			<Add directory="src/engine" />
		</Compiler>
		<Linker>
			<Add directory="../SFML-2.1/lib" />
		</Linker>
		<Unit filename="src/engine/P.h" />
		<Unit filename="src/engine/Renderable.cpp" />
		<Unit filename="src/engine/Renderable.h" />
		<Unit filename="src/engine/Updatable.cpp" />
		<Unit filename="src/engine/Updatable.h" />
		<Unit filename="src/engine/gameEntity.cpp" />
		<Unit filename="src/engine/gameEntity.h" />
		<Unit filename="src/engine/postProcessManager.cpp" />
		<Unit filename="src/engine/postProcessManager.h" />
		<Unit filename="src/engine/random.h" />
		<Unit filename="src/engine/soundManager.cpp" />
		<Unit filename="src/engine/soundManager.h" />
		<Unit filename="src/engine/textureManager.cpp" />
		<Unit filename="src/engine/textureManager.h" />
		<Unit filename="src/engine/vectorUtils.h" />
		<Unit filename="src/engine/windowManager.cpp" />
		<Unit filename="src/engine/windowManager.h" />
		<Unit filename="src/iMvader/BasicEnemy.cpp" />
		<Unit filename="src/iMvader/BasicEnemy.h" />
		<Unit filename="src/iMvader/BasicEnemyBase.cpp" />
		<Unit filename="src/iMvader/BasicEnemyBase.h" />
		<Unit filename="src/iMvader/BurstShotEnemy.cpp" />
		<Unit filename="src/iMvader/BurstShotEnemy.h" />
		<Unit filename="src/iMvader/Collisionable.cpp" />
		<Unit filename="src/iMvader/Collisionable.h" />
		<Unit filename="src/iMvader/EnemyGroup.cpp" />
		<Unit filename="src/iMvader/EnemyGroup.h" />
		<Unit filename="src/iMvader/background.cpp" />
		<Unit filename="src/iMvader/background.h" />
		<Unit filename="src/iMvader/bre.cpp" />
		<Unit filename="src/iMvader/bre.h" />
		<Unit filename="src/iMvader/bullet.cpp" />
		<Unit filename="src/iMvader/bullet.h" />
		<Unit filename="src/iMvader/curve.cpp" />
		<Unit filename="src/iMvader/curve.h" />
		<Unit filename="src/iMvader/explosion.cpp" />
		<Unit filename="src/iMvader/explosion.h" />
		<Unit filename="src/iMvader/gameState.cpp" />
		<Unit filename="src/iMvader/gameState.h" />
		<Unit filename="src/iMvader/main.cpp" />
		<Unit filename="src/iMvader/mainMenu.cpp" />
		<Unit filename="src/iMvader/mainMenu.h" />
		<Unit filename="src/iMvader/player.cpp" />
		<Unit filename="src/iMvader/player.h" />
		<Unit filename="src/iMvader/scoreManager.cpp" />
		<Unit filename="src/iMvader/scoreManager.h" />
		<Unit filename="src/iMvader/textDraw.cpp" />
		<Unit filename="src/iMvader/textDraw.h" />
		<Extensions>
			<code_completion />
			<envvars />
			<debugger />
			<lib_finder disable_auto="1" />
		</Extensions>
	</Project>
</CodeBlocks_project_file>
