<?xml version="1.0" encoding="UTF-8" standalone="yes" ?>
<CodeBlocks_project_file>
	<FileVersion major="1" minor="6" />
	<Project>
		<Option title="iMvaders" />
		<Option pch_mode="2" />
		<Option compiler="gcc" />
		<Build>
			<Target title="Debug">
				<Option output=".bin/Debug/iMvaders" prefix_auto="1" extension_auto="1" />
				<Option object_output=".obj/Debug/" />
				<Option type="1" />
				<Option compiler="gcc" />
				<Compiler>
					<Add option="-g" />
					<Add directory="../../SFML-2.1/include" />
				</Compiler>
				<Linker>
					<Add library="sfml-window-d" />
					<Add library="sfml-audio-d" />
					<Add library="sfml-graphics-d" />
					<Add library="sfml-main-d" />
					<Add library="sfml-system-d" />
					<Add library="opengl32" />
					<Add directory="../../SFML-2.1/lib" />
				</Linker>
			</Target>
			<Target title="Release">
				<Option output=".bin/Release/iMvaders" prefix_auto="1" extension_auto="1" />
				<Option object_output=".obj/Release/" />
				<Option type="0" />
				<Option compiler="gcc" />
				<Compiler>
					<Add option="-O2" />
				</Compiler>
				<Linker>
					<Add option="-s" />
					<Add library="sfml-audio" />
					<Add library="sfml-graphics" />
					<Add library="sfml-main" />
					<Add library="sfml-system" />
					<Add library="sfml-window" />
				</Linker>
			</Target>
		</Build>
		<Compiler>
			<Add option="-Wall" />
			<Add directory="../SFML-2.1/include" />
		</Compiler>
		<Linker>
			<Add directory="../SFML-2.1/lib" />
		</Linker>
		<Unit filename="BasicEnemy.cpp" />
		<Unit filename="BasicEnemy.h" />
		<Unit filename="BasicEnemyBase.cpp" />
		<Unit filename="BasicEnemyBase.h" />
		<Unit filename="BurstShotEnemy.cpp" />
		<Unit filename="BurstShotEnemy.h" />
		<Unit filename="Collisionable.cpp" />
		<Unit filename="Collisionable.h" />
		<Unit filename="EnemyGroup.cpp" />
		<Unit filename="EnemyGroup.h" />
		<Unit filename="P.h" />
		<Unit filename="Renderable.cpp" />
		<Unit filename="Renderable.h" />
		<Unit filename="Updatable.cpp" />
		<Unit filename="Updatable.h" />
		<Unit filename="background.cpp" />
		<Unit filename="background.h" />
		<Unit filename="bre.cpp" />
		<Unit filename="bre.h" />
		<Unit filename="bullet.cpp" />
		<Unit filename="bullet.h" />
		<Unit filename="curve.cpp" />
		<Unit filename="curve.h" />
		<Unit filename="explosion.cpp" />
		<Unit filename="explosion.h" />
		<Unit filename="gameEntity.cpp" />
		<Unit filename="gameEntity.h" />
		<Unit filename="gameState.cpp" />
		<Unit filename="gameState.h" />
		<Unit filename="main.cpp" />
		<Unit filename="mainMenu.cpp" />
		<Unit filename="mainMenu.h" />
		<Unit filename="player.cpp" />
		<Unit filename="player.h" />
		<Unit filename="postProcessManager.cpp" />
		<Unit filename="postProcessManager.h" />
		<Unit filename="random.h" />
		<Unit filename="scoreManager.cpp" />
		<Unit filename="scoreManager.h" />
		<Unit filename="soundManager.cpp" />
		<Unit filename="soundManager.h" />
		<Unit filename="textDraw.cpp" />
		<Unit filename="textDraw.h" />
		<Unit filename="textureManager.cpp" />
		<Unit filename="textureManager.h" />
		<Unit filename="vectorUtils.h" />
		<Extensions>
			<code_completion />
			<envvars />
			<debugger />
			<lib_finder disable_auto="1" />
		</Extensions>
	</Project>
</CodeBlocks_project_file>
